// !$*UTF8*$!
{
	archiveVersion = 1;
	classes = {
	};
	objectVersion = 50;
	objects = {

/* Begin PBXBuildFile section */
		93BE547424BBDE1A00A4F5C9 /* HexKeyboard.gif in Resources */ = {isa = PBXBuildFile; fileRef = 93BE547324BBDE1A00A4F5C9 /* HexKeyboard.gif */; };
		93BE547624BBDE2E00A4F5C9 /* LICENSE in Resources */ = {isa = PBXBuildFile; fileRef = 93BE547524BBDE2E00A4F5C9 /* LICENSE */; };
		93BE547A24BBDE5400A4F5C9 /* README.md in Resources */ = {isa = PBXBuildFile; fileRef = 93BE547924BBDE5400A4F5C9 /* README.md */; };
		93BE548024BBE09600A4F5C9 /* HexDarkMode.png in Resources */ = {isa = PBXBuildFile; fileRef = 93BE547F24BBE09600A4F5C9 /* HexDarkMode.png */; };
		93BE548224BBE09E00A4F5C9 /* HexLightMode.png in Resources */ = {isa = PBXBuildFile; fileRef = 93BE548124BBE09E00A4F5C9 /* HexLightMode.png */; };
		93BE548624BBE62700A4F5C9 /* Landscape.png in Resources */ = {isa = PBXBuildFile; fileRef = 93BE548524BBE62700A4F5C9 /* Landscape.png */; };
		93C5E07D24B97F0500A9D8D9 /* AppDelegate.swift in Sources */ = {isa = PBXBuildFile; fileRef = 93C5E07C24B97F0500A9D8D9 /* AppDelegate.swift */; };
		93C5E07F24B97F0500A9D8D9 /* SceneDelegate.swift in Sources */ = {isa = PBXBuildFile; fileRef = 93C5E07E24B97F0500A9D8D9 /* SceneDelegate.swift */; };
		93C5E08124B97F0500A9D8D9 /* ViewController.swift in Sources */ = {isa = PBXBuildFile; fileRef = 93C5E08024B97F0500A9D8D9 /* ViewController.swift */; };
		93C5E08424B97F0500A9D8D9 /* Main.storyboard in Resources */ = {isa = PBXBuildFile; fileRef = 93C5E08224B97F0500A9D8D9 /* Main.storyboard */; };
		93C5E08624B97F0600A9D8D9 /* Assets.xcassets in Resources */ = {isa = PBXBuildFile; fileRef = 93C5E08524B97F0600A9D8D9 /* Assets.xcassets */; };
		93C5E08924B97F0600A9D8D9 /* LaunchScreen.storyboard in Resources */ = {isa = PBXBuildFile; fileRef = 93C5E08724B97F0600A9D8D9 /* LaunchScreen.storyboard */; };
		93C5E09124BA69FD00A9D8D9 /* HexadecimalKeyboard.swift in Sources */ = {isa = PBXBuildFile; fileRef = 93C5E09024BA69FD00A9D8D9 /* HexadecimalKeyboard.swift */; };
		93C5E09A24BAD67700A9D8D9 /* Ext-UIButton-CommonFormat.swift in Sources */ = {isa = PBXBuildFile; fileRef = 93C5E09924BAD67700A9D8D9 /* Ext-UIButton-CommonFormat.swift */; };
/* End PBXBuildFile section */

/* Begin PBXFileReference section */
		93BE547324BBDE1A00A4F5C9 /* HexKeyboard.gif */ = {isa = PBXFileReference; lastKnownFileType = image.gif; path = HexKeyboard.gif; sourceTree = "<group>"; };
		93BE547524BBDE2E00A4F5C9 /* LICENSE */ = {isa = PBXFileReference; fileEncoding = 4; lastKnownFileType = text; path = LICENSE; sourceTree = "<group>"; };
		93BE547924BBDE5400A4F5C9 /* README.md */ = {isa = PBXFileReference; fileEncoding = 4; lastKnownFileType = net.daringfireball.markdown; path = README.md; sourceTree = "<group>"; };
		93BE547F24BBE09600A4F5C9 /* HexDarkMode.png */ = {isa = PBXFileReference; lastKnownFileType = image.png; path = HexDarkMode.png; sourceTree = "<group>"; };
		93BE548124BBE09E00A4F5C9 /* HexLightMode.png */ = {isa = PBXFileReference; lastKnownFileType = image.png; path = HexLightMode.png; sourceTree = "<group>"; };
		93BE548524BBE62700A4F5C9 /* Landscape.png */ = {isa = PBXFileReference; lastKnownFileType = image.png; path = Landscape.png; sourceTree = "<group>"; };
		93C5E07924B97F0500A9D8D9 /* HexadecimalKeyboard.app */ = {isa = PBXFileReference; explicitFileType = wrapper.application; includeInIndex = 0; path = HexadecimalKeyboard.app; sourceTree = BUILT_PRODUCTS_DIR; };
		93C5E07C24B97F0500A9D8D9 /* AppDelegate.swift */ = {isa = PBXFileReference; lastKnownFileType = sourcecode.swift; path = AppDelegate.swift; sourceTree = "<group>"; };
		93C5E07E24B97F0500A9D8D9 /* SceneDelegate.swift */ = {isa = PBXFileReference; lastKnownFileType = sourcecode.swift; path = SceneDelegate.swift; sourceTree = "<group>"; };
		93C5E08024B97F0500A9D8D9 /* ViewController.swift */ = {isa = PBXFileReference; lastKnownFileType = sourcecode.swift; path = ViewController.swift; sourceTree = "<group>"; };
		93C5E08324B97F0500A9D8D9 /* Base */ = {isa = PBXFileReference; lastKnownFileType = file.storyboard; name = Base; path = Base.lproj/Main.storyboard; sourceTree = "<group>"; };
		93C5E08524B97F0600A9D8D9 /* Assets.xcassets */ = {isa = PBXFileReference; lastKnownFileType = folder.assetcatalog; path = Assets.xcassets; sourceTree = "<group>"; };
		93C5E08824B97F0600A9D8D9 /* Base */ = {isa = PBXFileReference; lastKnownFileType = file.storyboard; name = Base; path = Base.lproj/LaunchScreen.storyboard; sourceTree = "<group>"; };
		93C5E08A24B97F0600A9D8D9 /* Info.plist */ = {isa = PBXFileReference; lastKnownFileType = text.plist.xml; path = Info.plist; sourceTree = "<group>"; };
		93C5E09024BA69FD00A9D8D9 /* HexadecimalKeyboard.swift */ = {isa = PBXFileReference; lastKnownFileType = sourcecode.swift; path = HexadecimalKeyboard.swift; sourceTree = "<group>"; };
		93C5E09924BAD67700A9D8D9 /* Ext-UIButton-CommonFormat.swift */ = {isa = PBXFileReference; lastKnownFileType = sourcecode.swift; path = "Ext-UIButton-CommonFormat.swift"; sourceTree = "<group>"; };
/* End PBXFileReference section */

/* Begin PBXFrameworksBuildPhase section */
		93C5E07624B97F0500A9D8D9 /* Frameworks */ = {
			isa = PBXFrameworksBuildPhase;
			buildActionMask = 2147483647;
			files = (
			);
			runOnlyForDeploymentPostprocessing = 0;
		};
/* End PBXFrameworksBuildPhase section */

/* Begin PBXGroup section */
		93BE547224BBDDEE00A4F5C9 /* GitHub-Images */ = {
			isa = PBXGroup;
			children = (
				93BE548524BBE62700A4F5C9 /* Landscape.png */,
				93BE547F24BBE09600A4F5C9 /* HexDarkMode.png */,
				93BE548124BBE09E00A4F5C9 /* HexLightMode.png */,
				93BE547324BBDE1A00A4F5C9 /* HexKeyboard.gif */,
			);
			path = "GitHub-Images";
			sourceTree = "<group>";
		};
		93C5E07024B97F0500A9D8D9 = {
			isa = PBXGroup;
			children = (
				93BE547924BBDE5400A4F5C9 /* README.md */,
				93BE547524BBDE2E00A4F5C9 /* LICENSE */,
				93BE547224BBDDEE00A4F5C9 /* GitHub-Images */,
				93C5E07B24B97F0500A9D8D9 /* HexadecimalKeyboard */,
				93C5E07A24B97F0500A9D8D9 /* Products */,
			);
			sourceTree = "<group>";
		};
		93C5E07A24B97F0500A9D8D9 /* Products */ = {
			isa = PBXGroup;
			children = (
				93C5E07924B97F0500A9D8D9 /* HexadecimalKeyboard.app */,
			);
			name = Products;
			sourceTree = "<group>";
		};
		93C5E07B24B97F0500A9D8D9 /* HexadecimalKeyboard */ = {
			isa = PBXGroup;
			children = (
				93C5E09224BA6A0700A9D8D9 /* Root */,
				93C5E09324BA6A0D00A9D8D9 /* Controllers */,
				93C5E09824BA965600A9D8D9 /* Extension */,
				93C5E09524BA6A4700A9D8D9 /* Assets */,
				93C5E09424BA6A4000A9D8D9 /* Storyboards */,
			);
			path = HexadecimalKeyboard;
			sourceTree = "<group>";
		};
		93C5E09224BA6A0700A9D8D9 /* Root */ = {
			isa = PBXGroup;
			children = (
				93C5E08A24B97F0600A9D8D9 /* Info.plist */,
				93C5E07C24B97F0500A9D8D9 /* AppDelegate.swift */,
				93C5E07E24B97F0500A9D8D9 /* SceneDelegate.swift */,
			);
			path = Root;
			sourceTree = "<group>";
		};
		93C5E09324BA6A0D00A9D8D9 /* Controllers */ = {
			isa = PBXGroup;
			children = (
				93C5E08024B97F0500A9D8D9 /* ViewController.swift */,
				93C5E09024BA69FD00A9D8D9 /* HexadecimalKeyboard.swift */,
			);
			path = Controllers;
			sourceTree = "<group>";
		};
		93C5E09424BA6A4000A9D8D9 /* Storyboards */ = {
			isa = PBXGroup;
			children = (
				93C5E08724B97F0600A9D8D9 /* LaunchScreen.storyboard */,
				93C5E08224B97F0500A9D8D9 /* Main.storyboard */,
			);
			path = Storyboards;
			sourceTree = "<group>";
		};
		93C5E09524BA6A4700A9D8D9 /* Assets */ = {
			isa = PBXGroup;
			children = (
				93C5E08524B97F0600A9D8D9 /* Assets.xcassets */,
			);
			path = Assets;
			sourceTree = "<group>";
		};
		93C5E09824BA965600A9D8D9 /* Extension */ = {
			isa = PBXGroup;
			children = (
				93C5E09924BAD67700A9D8D9 /* Ext-UIButton-CommonFormat.swift */,
			);
			path = Extension;
			sourceTree = "<group>";
		};
/* End PBXGroup section */

/* Begin PBXNativeTarget section */
		93C5E07824B97F0500A9D8D9 /* HexadecimalKeyboard */ = {
			isa = PBXNativeTarget;
			buildConfigurationList = 93C5E08D24B97F0600A9D8D9 /* Build configuration list for PBXNativeTarget "HexadecimalKeyboard" */;
			buildPhases = (
				93C5E07524B97F0500A9D8D9 /* Sources */,
				93C5E07624B97F0500A9D8D9 /* Frameworks */,
				93C5E07724B97F0500A9D8D9 /* Resources */,
			);
			buildRules = (
			);
			dependencies = (
			);
			name = HexadecimalKeyboard;
			productName = KeyboardCustomAppOnly;
			productReference = 93C5E07924B97F0500A9D8D9 /* HexadecimalKeyboard.app */;
			productType = "com.apple.product-type.application";
		};
/* End PBXNativeTarget section */

/* Begin PBXProject section */
		93C5E07124B97F0500A9D8D9 /* Project object */ = {
			isa = PBXProject;
			attributes = {
				LastSwiftUpdateCheck = 1200;
				LastUpgradeCheck = 1200;
				TargetAttributes = {
					93C5E07824B97F0500A9D8D9 = {
						CreatedOnToolsVersion = 12.0;
					};
				};
			};
			buildConfigurationList = 93C5E07424B97F0500A9D8D9 /* Build configuration list for PBXProject "HexadecimalKeyboard" */;
			compatibilityVersion = "Xcode 9.3";
			developmentRegion = en;
			hasScannedForEncodings = 0;
			knownRegions = (
				en,
				Base,
			);
			mainGroup = 93C5E07024B97F0500A9D8D9;
			productRefGroup = 93C5E07A24B97F0500A9D8D9 /* Products */;
			projectDirPath = "";
			projectRoot = "";
			targets = (
				93C5E07824B97F0500A9D8D9 /* HexadecimalKeyboard */,
			);
		};
/* End PBXProject section */

/* Begin PBXResourcesBuildPhase section */
		93C5E07724B97F0500A9D8D9 /* Resources */ = {
			isa = PBXResourcesBuildPhase;
			buildActionMask = 2147483647;
			files = (
				93BE548624BBE62700A4F5C9 /* Landscape.png in Resources */,
				93BE547A24BBDE5400A4F5C9 /* README.md in Resources */,
				93C5E08924B97F0600A9D8D9 /* LaunchScreen.storyboard in Resources */,
				93BE547424BBDE1A00A4F5C9 /* HexKeyboard.gif in Resources */,
				93C5E08624B97F0600A9D8D9 /* Assets.xcassets in Resources */,
				93C5E08424B97F0500A9D8D9 /* Main.storyboard in Resources */,
				93BE548224BBE09E00A4F5C9 /* HexLightMode.png in Resources */,
				93BE548024BBE09600A4F5C9 /* HexDarkMode.png in Resources */,
				93BE547624BBDE2E00A4F5C9 /* LICENSE in Resources */,
			);
			runOnlyForDeploymentPostprocessing = 0;
		};
/* End PBXResourcesBuildPhase section */

/* Begin PBXSourcesBuildPhase section */
		93C5E07524B97F0500A9D8D9 /* Sources */ = {
			isa = PBXSourcesBuildPhase;
			buildActionMask = 2147483647;
			files = (
				93C5E08124B97F0500A9D8D9 /* ViewController.swift in Sources */,
				93C5E09A24BAD67700A9D8D9 /* Ext-UIButton-CommonFormat.swift in Sources */,
				93C5E07D24B97F0500A9D8D9 /* AppDelegate.swift in Sources */,
				93C5E09124BA69FD00A9D8D9 /* HexadecimalKeyboard.swift in Sources */,
				93C5E07F24B97F0500A9D8D9 /* SceneDelegate.swift in Sources */,
			);
			runOnlyForDeploymentPostprocessing = 0;
		};
/* End PBXSourcesBuildPhase section */

/* Begin PBXVariantGroup section */
		93C5E08224B97F0500A9D8D9 /* Main.storyboard */ = {
			isa = PBXVariantGroup;
			children = (
				93C5E08324B97F0500A9D8D9 /* Base */,
			);
			name = Main.storyboard;
			sourceTree = "<group>";
		};
		93C5E08724B97F0600A9D8D9 /* LaunchScreen.storyboard */ = {
			isa = PBXVariantGroup;
			children = (
				93C5E08824B97F0600A9D8D9 /* Base */,
			);
			name = LaunchScreen.storyboard;
			sourceTree = "<group>";
		};
/* End PBXVariantGroup section */

/* Begin XCBuildConfiguration section */
		93C5E08B24B97F0600A9D8D9 /* Debug */ = {
			isa = XCBuildConfiguration;
			buildSettings = {
				ALWAYS_SEARCH_USER_PATHS = NO;
				CLANG_ANALYZER_NONNULL = YES;
				CLANG_ANALYZER_NUMBER_OBJECT_CONVERSION = YES_AGGRESSIVE;
				CLANG_CXX_LANGUAGE_STANDARD = "gnu++14";
				CLANG_CXX_LIBRARY = "libc++";
				CLANG_ENABLE_MODULES = YES;
				CLANG_ENABLE_OBJC_ARC = YES;
				CLANG_ENABLE_OBJC_WEAK = YES;
				CLANG_WARN_BLOCK_CAPTURE_AUTORELEASING = YES;
				CLANG_WARN_BOOL_CONVERSION = YES;
				CLANG_WARN_COMMA = YES;
				CLANG_WARN_CONSTANT_CONVERSION = YES;
				CLANG_WARN_DEPRECATED_OBJC_IMPLEMENTATIONS = YES;
				CLANG_WARN_DIRECT_OBJC_ISA_USAGE = YES_ERROR;
				CLANG_WARN_DOCUMENTATION_COMMENTS = YES;
				CLANG_WARN_EMPTY_BODY = YES;
				CLANG_WARN_ENUM_CONVERSION = YES;
				CLANG_WARN_INFINITE_RECURSION = YES;
				CLANG_WARN_INT_CONVERSION = YES;
				CLANG_WARN_NON_LITERAL_NULL_CONVERSION = YES;
				CLANG_WARN_OBJC_IMPLICIT_RETAIN_SELF = YES;
				CLANG_WARN_OBJC_LITERAL_CONVERSION = YES;
				CLANG_WARN_OBJC_ROOT_CLASS = YES_ERROR;
				CLANG_WARN_QUOTED_INCLUDE_IN_FRAMEWORK_HEADER = YES;
				CLANG_WARN_RANGE_LOOP_ANALYSIS = YES;
				CLANG_WARN_STRICT_PROTOTYPES = YES;
				CLANG_WARN_SUSPICIOUS_MOVE = YES;
				CLANG_WARN_UNGUARDED_AVAILABILITY = YES_AGGRESSIVE;
				CLANG_WARN_UNREACHABLE_CODE = YES;
				CLANG_WARN__DUPLICATE_METHOD_MATCH = YES;
				COPY_PHASE_STRIP = NO;
				DEBUG_INFORMATION_FORMAT = dwarf;
				ENABLE_STRICT_OBJC_MSGSEND = YES;
				ENABLE_TESTABILITY = YES;
				GCC_C_LANGUAGE_STANDARD = gnu11;
				GCC_DYNAMIC_NO_PIC = NO;
				GCC_NO_COMMON_BLOCKS = YES;
				GCC_OPTIMIZATION_LEVEL = 0;
				GCC_PREPROCESSOR_DEFINITIONS = (
					"DEBUG=1",
					"$(inherited)",
				);
				GCC_WARN_64_TO_32_BIT_CONVERSION = YES;
				GCC_WARN_ABOUT_RETURN_TYPE = YES_ERROR;
				GCC_WARN_UNDECLARED_SELECTOR = YES;
				GCC_WARN_UNINITIALIZED_AUTOS = YES_AGGRESSIVE;
				GCC_WARN_UNUSED_FUNCTION = YES;
				GCC_WARN_UNUSED_VARIABLE = YES;
				IPHONEOS_DEPLOYMENT_TARGET = 14.0;
				MTL_ENABLE_DEBUG_INFO = INCLUDE_SOURCE;
				MTL_FAST_MATH = YES;
				ONLY_ACTIVE_ARCH = YES;
				SDKROOT = iphoneos;
				SWIFT_ACTIVE_COMPILATION_CONDITIONS = DEBUG;
				SWIFT_OPTIMIZATION_LEVEL = "-Onone";
			};
			name = Debug;
		};
		93C5E08C24B97F0600A9D8D9 /* Release */ = {
			isa = XCBuildConfiguration;
			buildSettings = {
				ALWAYS_SEARCH_USER_PATHS = NO;
				CLANG_ANALYZER_NONNULL = YES;
				CLANG_ANALYZER_NUMBER_OBJECT_CONVERSION = YES_AGGRESSIVE;
				CLANG_CXX_LANGUAGE_STANDARD = "gnu++14";
				CLANG_CXX_LIBRARY = "libc++";
				CLANG_ENABLE_MODULES = YES;
				CLANG_ENABLE_OBJC_ARC = YES;
				CLANG_ENABLE_OBJC_WEAK = YES;
				CLANG_WARN_BLOCK_CAPTURE_AUTORELEASING = YES;
				CLANG_WARN_BOOL_CONVERSION = YES;
				CLANG_WARN_COMMA = YES;
				CLANG_WARN_CONSTANT_CONVERSION = YES;
				CLANG_WARN_DEPRECATED_OBJC_IMPLEMENTATIONS = YES;
				CLANG_WARN_DIRECT_OBJC_ISA_USAGE = YES_ERROR;
				CLANG_WARN_DOCUMENTATION_COMMENTS = YES;
				CLANG_WARN_EMPTY_BODY = YES;
				CLANG_WARN_ENUM_CONVERSION = YES;
				CLANG_WARN_INFINITE_RECURSION = YES;
				CLANG_WARN_INT_CONVERSION = YES;
				CLANG_WARN_NON_LITERAL_NULL_CONVERSION = YES;
				CLANG_WARN_OBJC_IMPLICIT_RETAIN_SELF = YES;
				CLANG_WARN_OBJC_LITERAL_CONVERSION = YES;
				CLANG_WARN_OBJC_ROOT_CLASS = YES_ERROR;
				CLANG_WARN_QUOTED_INCLUDE_IN_FRAMEWORK_HEADER = YES;
				CLANG_WARN_RANGE_LOOP_ANALYSIS = YES;
				CLANG_WARN_STRICT_PROTOTYPES = YES;
				CLANG_WARN_SUSPICIOUS_MOVE = YES;
				CLANG_WARN_UNGUARDED_AVAILABILITY = YES_AGGRESSIVE;
				CLANG_WARN_UNREACHABLE_CODE = YES;
				CLANG_WARN__DUPLICATE_METHOD_MATCH = YES;
				COPY_PHASE_STRIP = NO;
				DEBUG_INFORMATION_FORMAT = "dwarf-with-dsym";
				ENABLE_NS_ASSERTIONS = NO;
				ENABLE_STRICT_OBJC_MSGSEND = YES;
				GCC_C_LANGUAGE_STANDARD = gnu11;
				GCC_NO_COMMON_BLOCKS = YES;
				GCC_WARN_64_TO_32_BIT_CONVERSION = YES;
				GCC_WARN_ABOUT_RETURN_TYPE = YES_ERROR;
				GCC_WARN_UNDECLARED_SELECTOR = YES;
				GCC_WARN_UNINITIALIZED_AUTOS = YES_AGGRESSIVE;
				GCC_WARN_UNUSED_FUNCTION = YES;
				GCC_WARN_UNUSED_VARIABLE = YES;
				IPHONEOS_DEPLOYMENT_TARGET = 14.0;
				MTL_ENABLE_DEBUG_INFO = NO;
				MTL_FAST_MATH = YES;
				SDKROOT = iphoneos;
				SWIFT_COMPILATION_MODE = wholemodule;
				SWIFT_OPTIMIZATION_LEVEL = "-O";
				VALIDATE_PRODUCT = YES;
			};
			name = Release;
		};
		93C5E08E24B97F0600A9D8D9 /* Debug */ = {
			isa = XCBuildConfiguration;
			buildSettings = {
				ASSETCATALOG_COMPILER_APPICON_NAME = AppIcon;
				ASSETCATALOG_COMPILER_GLOBAL_ACCENT_COLOR_NAME = AccentColor;
				CODE_SIGN_STYLE = Automatic;
				DEVELOPMENT_TEAM = T97DA5EFXT;
				INFOPLIST_FILE = HexadecimalKeyboard/Root/Info.plist;
				LD_RUNPATH_SEARCH_PATHS = (
					"$(inherited)",
					"@executable_path/Frameworks",
				);
				PRODUCT_BUNDLE_IDENTIFIER = dev.mv.HexadecimalKeyboard;
				PRODUCT_NAME = "$(TARGET_NAME)";
				SWIFT_VERSION = 5.0;
				TARGETED_DEVICE_FAMILY = "1,2";
			};
			name = Debug;
		};
		93C5E08F24B97F0600A9D8D9 /* Release */ = {
			isa = XCBuildConfiguration;
			buildSettings = {
				ASSETCATALOG_COMPILER_APPICON_NAME = AppIcon;
				ASSETCATALOG_COMPILER_GLOBAL_ACCENT_COLOR_NAME = AccentColor;
				CODE_SIGN_STYLE = Automatic;
				DEVELOPMENT_TEAM = T97DA5EFXT;
				INFOPLIST_FILE = HexadecimalKeyboard/Root/Info.plist;
				LD_RUNPATH_SEARCH_PATHS = (
					"$(inherited)",
					"@executable_path/Frameworks",
				);
				PRODUCT_BUNDLE_IDENTIFIER = dev.mv.HexadecimalKeyboard;
				PRODUCT_NAME = "$(TARGET_NAME)";
				SWIFT_VERSION = 5.0;
				TARGETED_DEVICE_FAMILY = "1,2";
			};
			name = Release;
		};
/* End XCBuildConfiguration section */

/* Begin XCConfigurationList section */
		93C5E07424B97F0500A9D8D9 /* Build configuration list for PBXProject "HexadecimalKeyboard" */ = {
			isa = XCConfigurationList;
			buildConfigurations = (
				93C5E08B24B97F0600A9D8D9 /* Debug */,
				93C5E08C24B97F0600A9D8D9 /* Release */,
			);
			defaultConfigurationIsVisible = 0;
			defaultConfigurationName = Release;
		};
		93C5E08D24B97F0600A9D8D9 /* Build configuration list for PBXNativeTarget "HexadecimalKeyboard" */ = {
			isa = XCConfigurationList;
			buildConfigurations = (
				93C5E08E24B97F0600A9D8D9 /* Debug */,
				93C5E08F24B97F0600A9D8D9 /* Release */,
			);
			defaultConfigurationIsVisible = 0;
			defaultConfigurationName = Release;
		};
/* End XCConfigurationList section */
	};
	rootObject = 93C5E07124B97F0500A9D8D9 /* Project object */;
}
